
Microsoft Visual Studio Solution File, Format Version 12.00
# Visual Studio Express 2013 for Windows Desktop
VisualStudioVersion = 12.0.21005.1
MinimumVisualStudioVersion = 10.0.40219.1
Project("{8BC9CEB8-8B4A-11D0-8D11-00A0C91BC942}") = "fsm_test", "fsm_test.vcxproj", "{87DEE7F5-A8C3-4057-9153-F81DE3E970E4}"
EndProject
Global
	GlobalSection(SolutionConfigurationPlatforms) = preSolution
		Debug|Win32 = Debug|Win32
		Release|Win32 = Release|Win32
	EndGlobalSection
	GlobalSection(ProjectConfigurationPlatforms) = postSolution
		{87DEE7F5-A8C3-4057-9153-F81DE3E970E4}.Debug|Win32.ActiveCfg = Debug|Win32
		{87DEE7F5-A8C3-4057-9153-F81DE3E970E4}.Debug|Win32.Build.0 = Debug|Win32
		{87DEE7F5-A8C3-4057-9153-F81DE3E970E4}.Release|Win32.ActiveCfg = Release|Win32
		{87DEE7F5-A8C3-4057-9153-F81DE3E970E4}.Release|Win32.Build.0 = Release|Win32
	EndGlobalSection
	GlobalSection(SolutionProperties) = preSolution
		HideSolutionNode = FALSE
	EndGlobalSection
EndGlobal
